Microsoft Visual Studio Solution File, Format Version 12.00
# Visual Studio Version 17
VisualStudioVersion = 17.5.2.0
MinimumVisualStudioVersion = 10.0.40219.1
Project("{2150E333-8FDC-42A3-9474-1A3956D46DE8}") = "samples", "samples", "{5D20AA90-6969-D8BD-9DCD-8634F4692FDA}"
EndProject
Project("{FAE04EC0-301F-11D3-BF4B-00C04F79EFBC}") = "sk-sample-csharp", "samples\sk-csharp\sk-sample-csharp.csproj", "{5654346A-715B-6A16-179E-E1E144BDFD0E}"
EndProject
Global
	GlobalSection(SolutionConfigurationPlatforms) = preSolution
		Debug|Any CPU = Debug|Any CPU
		Release|Any CPU = Release|Any CPU
	EndGlobalSection
	GlobalSection(ProjectConfigurationPlatforms) = postSolution
		{5654346A-715B-6A16-179E-E1E144BDFD0E}.Debug|Any CPU.ActiveCfg = Debug|Any CPU
		{5654346A-715B-6A16-179E-E1E144BDFD0E}.Debug|Any CPU.Build.0 = Debug|Any CPU
		{5654346A-715B-6A16-179E-E1E144BDFD0E}.Release|Any CPU.ActiveCfg = Release|Any CPU
		{5654346A-715B-6A16-179E-E1E144BDFD0E}.Release|Any CPU.Build.0 = Release|Any CPU
	EndGlobalSection
	GlobalSection(SolutionProperties) = preSolution
		HideSolutionNode = FALSE
	EndGlobalSection
	GlobalSection(NestedProjects) = preSolution
		{5654346A-715B-6A16-179E-E1E144BDFD0E} = {5D20AA90-6969-D8BD-9DCD-8634F4692FDA}
	EndGlobalSection
	GlobalSection(ExtensibilityGlobals) = postSolution
		SolutionGuid = {8F640A53-214A-4D47-A039-50867B68E10E}
	EndGlobalSection
EndGlobal
